
Microsoft Visual Studio Solution File, Format Version 12.00
# Visual Studio Version 16
VisualStudioVersion = 16.0.30114.105
MinimumVisualStudioVersion = 10.0.40219.1
Project("{FAE04EC0-301F-11D3-BF4B-00C04F79EFBC}") = "CQRS.Core", "..\CQRS-ES\CQRS.Core\CQRS.Core.csproj", "{B94A1E58-62BE-4A2B-9900-481CB5FE7CFC}"
EndProject
Project("{2150E333-8FDC-42A3-9474-1A3956D46DE8}") = "PostCommand", "PostCommand", "{EABCE025-8511-4F27-AD42-7C0313E5F0C9}"
EndProject
Project("{FAE04EC0-301F-11D3-BF4B-00C04F79EFBC}") = "Api", "PostCommand\Api\Api.csproj", "{6A56F232-BC93-4376-8C24-1812C11221FA}"
EndProject
Project("{FAE04EC0-301F-11D3-BF4B-00C04F79EFBC}") = "Domain", "PostCommand\Domain\Domain.csproj", "{DA2CAC02-1414-4006-A9E3-270D80AA70FB}"
EndProject
Project("{FAE04EC0-301F-11D3-BF4B-00C04F79EFBC}") = "Infrastructure", "PostCommand\Infrastructure\Infrastructure.csproj", "{F1D58EF5-5F71-4AAE-BC6A-710CA82C6A08}"
EndProject
Project("{2150E333-8FDC-42A3-9474-1A3956D46DE8}") = "PostQuery", "PostQuery", "{9ADE6129-80E6-45E9-846C-0BE976F91766}"
EndProject
Project("{FAE04EC0-301F-11D3-BF4B-00C04F79EFBC}") = "PostCommon", "PostCommon\PostCommon.csproj", "{54840325-51C5-4FA5-8F6E-304352D2626E}"
EndProject
Project("{2150E333-8FDC-42A3-9474-1A3956D46DE8}") = "Query", "Query", "{5190F5A0-C9EF-46DD-AB22-912670EA7774}"
EndProject
Project("{FAE04EC0-301F-11D3-BF4B-00C04F79EFBC}") = "Api", "Query\Api\Api.csproj", "{EA596E35-A19D-4A7D-BF00-2140B0ABAC33}"
EndProject
Project("{FAE04EC0-301F-11D3-BF4B-00C04F79EFBC}") = "DomainLayer", "Query\DomainLayer\DomainLayer.csproj", "{50BC9694-BA3A-4A11-869F-FBD8EDB64493}"
EndProject
Project("{FAE04EC0-301F-11D3-BF4B-00C04F79EFBC}") = "InfrastructureLayer", "Query\InfrastructureLayer\InfrastructureLayer.csproj", "{EDB08B97-2283-4392-A87C-9A8789381149}"
EndProject
Global
	GlobalSection(SolutionConfigurationPlatforms) = preSolution
		Debug|Any CPU = Debug|Any CPU
		Release|Any CPU = Release|Any CPU
	EndGlobalSection
	GlobalSection(SolutionProperties) = preSolution
		HideSolutionNode = FALSE
	EndGlobalSection
	GlobalSection(ProjectConfigurationPlatforms) = postSolution
		{B94A1E58-62BE-4A2B-9900-481CB5FE7CFC}.Debug|Any CPU.ActiveCfg = Debug|Any CPU
		{B94A1E58-62BE-4A2B-9900-481CB5FE7CFC}.Debug|Any CPU.Build.0 = Debug|Any CPU
		{B94A1E58-62BE-4A2B-9900-481CB5FE7CFC}.Release|Any CPU.ActiveCfg = Release|Any CPU
		{B94A1E58-62BE-4A2B-9900-481CB5FE7CFC}.Release|Any CPU.Build.0 = Release|Any CPU
		{6A56F232-BC93-4376-8C24-1812C11221FA}.Debug|Any CPU.ActiveCfg = Debug|Any CPU
		{6A56F232-BC93-4376-8C24-1812C11221FA}.Debug|Any CPU.Build.0 = Debug|Any CPU
		{6A56F232-BC93-4376-8C24-1812C11221FA}.Release|Any CPU.ActiveCfg = Release|Any CPU
		{6A56F232-BC93-4376-8C24-1812C11221FA}.Release|Any CPU.Build.0 = Release|Any CPU
		{DA2CAC02-1414-4006-A9E3-270D80AA70FB}.Debug|Any CPU.ActiveCfg = Debug|Any CPU
		{DA2CAC02-1414-4006-A9E3-270D80AA70FB}.Debug|Any CPU.Build.0 = Debug|Any CPU
		{DA2CAC02-1414-4006-A9E3-270D80AA70FB}.Release|Any CPU.ActiveCfg = Release|Any CPU
		{DA2CAC02-1414-4006-A9E3-270D80AA70FB}.Release|Any CPU.Build.0 = Release|Any CPU
		{F1D58EF5-5F71-4AAE-BC6A-710CA82C6A08}.Debug|Any CPU.ActiveCfg = Debug|Any CPU
		{F1D58EF5-5F71-4AAE-BC6A-710CA82C6A08}.Debug|Any CPU.Build.0 = Debug|Any CPU
		{F1D58EF5-5F71-4AAE-BC6A-710CA82C6A08}.Release|Any CPU.ActiveCfg = Release|Any CPU
		{F1D58EF5-5F71-4AAE-BC6A-710CA82C6A08}.Release|Any CPU.Build.0 = Release|Any CPU
		{54840325-51C5-4FA5-8F6E-304352D2626E}.Debug|Any CPU.ActiveCfg = Debug|Any CPU
		{54840325-51C5-4FA5-8F6E-304352D2626E}.Debug|Any CPU.Build.0 = Debug|Any CPU
		{54840325-51C5-4FA5-8F6E-304352D2626E}.Release|Any CPU.ActiveCfg = Release|Any CPU
		{54840325-51C5-4FA5-8F6E-304352D2626E}.Release|Any CPU.Build.0 = Release|Any CPU
		{EA596E35-A19D-4A7D-BF00-2140B0ABAC33}.Debug|Any CPU.ActiveCfg = Debug|Any CPU
		{EA596E35-A19D-4A7D-BF00-2140B0ABAC33}.Debug|Any CPU.Build.0 = Debug|Any CPU
		{EA596E35-A19D-4A7D-BF00-2140B0ABAC33}.Release|Any CPU.ActiveCfg = Release|Any CPU
		{EA596E35-A19D-4A7D-BF00-2140B0ABAC33}.Release|Any CPU.Build.0 = Release|Any CPU
		{50BC9694-BA3A-4A11-869F-FBD8EDB64493}.Debug|Any CPU.ActiveCfg = Debug|Any CPU
		{50BC9694-BA3A-4A11-869F-FBD8EDB64493}.Debug|Any CPU.Build.0 = Debug|Any CPU
		{50BC9694-BA3A-4A11-869F-FBD8EDB64493}.Release|Any CPU.ActiveCfg = Release|Any CPU
		{50BC9694-BA3A-4A11-869F-FBD8EDB64493}.Release|Any CPU.Build.0 = Release|Any CPU
		{EDB08B97-2283-4392-A87C-9A8789381149}.Debug|Any CPU.ActiveCfg = Debug|Any CPU
		{EDB08B97-2283-4392-A87C-9A8789381149}.Debug|Any CPU.Build.0 = Debug|Any CPU
		{EDB08B97-2283-4392-A87C-9A8789381149}.Release|Any CPU.ActiveCfg = Release|Any CPU
		{EDB08B97-2283-4392-A87C-9A8789381149}.Release|Any CPU.Build.0 = Release|Any CPU
	EndGlobalSection
	GlobalSection(NestedProjects) = preSolution
		{6A56F232-BC93-4376-8C24-1812C11221FA} = {EABCE025-8511-4F27-AD42-7C0313E5F0C9}
		{DA2CAC02-1414-4006-A9E3-270D80AA70FB} = {EABCE025-8511-4F27-AD42-7C0313E5F0C9}
		{F1D58EF5-5F71-4AAE-BC6A-710CA82C6A08} = {EABCE025-8511-4F27-AD42-7C0313E5F0C9}
		{EA596E35-A19D-4A7D-BF00-2140B0ABAC33} = {5190F5A0-C9EF-46DD-AB22-912670EA7774}
		{50BC9694-BA3A-4A11-869F-FBD8EDB64493} = {5190F5A0-C9EF-46DD-AB22-912670EA7774}
		{EDB08B97-2283-4392-A87C-9A8789381149} = {5190F5A0-C9EF-46DD-AB22-912670EA7774}
	EndGlobalSection
EndGlobal
